
Microsoft Visual Studio Solution File, Format Version 12.00
# Visual Studio Version 17
VisualStudioVersion = 17.3.32922.545
MinimumVisualStudioVersion = 10.0.40219.1
Project("{9A19103F-16F7-4668-BE54-9A1E7A4F7556}") = "UserRegistrationProblemB", "UserRegistrationProblemB\UserRegistrationProblemB.csproj", "{A6557793-1F9A-40B6-97A8-A8CD3D3D35DB}"
EndProject
Project("{FAE04EC0-301F-11D3-BF4B-00C04F79EFBC}") = "UserRegistrationProgramTest", "UserRegistrationProgramTest\UserRegistrationProgramTest.csproj", "{F89FC005-0CAD-45CA-85B7-4B43D55CCDAB}"
EndProject
Global
	GlobalSection(SolutionConfigurationPlatforms) = preSolution
		Debug|Any CPU = Debug|Any CPU
		Release|Any CPU = Release|Any CPU
	EndGlobalSection
	GlobalSection(ProjectConfigurationPlatforms) = postSolution
		{A6557793-1F9A-40B6-97A8-A8CD3D3D35DB}.Debug|Any CPU.ActiveCfg = Debug|Any CPU
		{A6557793-1F9A-40B6-97A8-A8CD3D3D35DB}.Debug|Any CPU.Build.0 = Debug|Any CPU
		{A6557793-1F9A-40B6-97A8-A8CD3D3D35DB}.Release|Any CPU.ActiveCfg = Release|Any CPU
		{A6557793-1F9A-40B6-97A8-A8CD3D3D35DB}.Release|Any CPU.Build.0 = Release|Any CPU
		{F89FC005-0CAD-45CA-85B7-4B43D55CCDAB}.Debug|Any CPU.ActiveCfg = Debug|Any CPU
		{F89FC005-0CAD-45CA-85B7-4B43D55CCDAB}.Debug|Any CPU.Build.0 = Debug|Any CPU
		{F89FC005-0CAD-45CA-85B7-4B43D55CCDAB}.Release|Any CPU.ActiveCfg = Release|Any CPU
		{F89FC005-0CAD-45CA-85B7-4B43D55CCDAB}.Release|Any CPU.Build.0 = Release|Any CPU
	EndGlobalSection
	GlobalSection(SolutionProperties) = preSolution
		HideSolutionNode = FALSE
	EndGlobalSection
	GlobalSection(ExtensibilityGlobals) = postSolution
		SolutionGuid = {72E6631C-A198-48EF-B121-20E470BF8DA6}
	EndGlobalSection
EndGlobal
